
Microsoft Visual Studio Solution File, Format Version 10.00
# Visual Studio 2008
Project("{2857B73E-F847-4B02-9238-064979017E93}") = "stereo", "stereo\stereo.cproj", "{BE1FCCF9-3327-4965-AD22-BF72634E001F}"
EndProject
Project("{2857B73E-F847-4B02-9238-064979017E93}") = "Test", "Test\Test.cproj", "{07BDC695-0C1A-47DD-B60A-7980D5DAEC79}"
EndProject
Global
	GlobalSection(SolutionConfigurationPlatforms) = preSolution
		Debug|Any CPU = Debug|Any CPU
		Release|Any CPU = Release|Any CPU
	EndGlobalSection
	GlobalSection(ProjectConfigurationPlatforms) = postSolution
		{07BDC695-0C1A-47DD-B60A-7980D5DAEC79}.Debug|Any CPU.ActiveCfg = Debug|Any CPU
		{07BDC695-0C1A-47DD-B60A-7980D5DAEC79}.Debug|Any CPU.Build.0 = Debug|Any CPU
		{07BDC695-0C1A-47DD-B60A-7980D5DAEC79}.Release|Any CPU.ActiveCfg = Release|Any CPU
		{07BDC695-0C1A-47DD-B60A-7980D5DAEC79}.Release|Any CPU.Build.0 = Release|Any CPU
		{BE1FCCF9-3327-4965-AD22-BF72634E001F}.Debug|Any CPU.ActiveCfg = Debug|Any CPU
		{BE1FCCF9-3327-4965-AD22-BF72634E001F}.Debug|Any CPU.Build.0 = Debug|Any CPU
		{BE1FCCF9-3327-4965-AD22-BF72634E001F}.Release|Any CPU.ActiveCfg = Release|Any CPU
		{BE1FCCF9-3327-4965-AD22-BF72634E001F}.Release|Any CPU.Build.0 = Release|Any CPU
	EndGlobalSection
	GlobalSection(MonoDevelopProperties) = preSolution
		StartupItem = Test\Test.cproj
		Policies = $0
		$0.TextStylePolicy = $1
		$1.FileWidth = 120
		$1.TabWidth = 4
		$1.inheritsSet = Mono
		$1.inheritsScope = text/plain
		$1.scope = text/plain
		$0.TextStylePolicy = $2
		$2.NoTabsAfterNonTabs = True
		$2.RemoveTrailingWhitespace = True
		$2.EolMarker = Unix
		$2.inheritsSet = VisualStudio
		$2.inheritsScope = text/plain
		$2.scope = text/x-c++hdr
		$0.TextStylePolicy = $3
		$3.NoTabsAfterNonTabs = True
		$3.RemoveTrailingWhitespace = True
		$3.EolMarker = Unix
		$3.inheritsSet = VisualStudio
		$3.inheritsScope = text/plain
		$3.scope = text/x-csrc
	EndGlobalSection
EndGlobal
